{
  "version": 4,
  "terraform_version": "1.0.11",
  "serial": 62,
  "lineage": "9586556b-0cdc-dabc-0b6f-82b547b00bc3",
  "outputs": {},
  "resources": [
    {
      "module": "module.test",
      "mode": "managed",
      "type": "kubernetes_cluster_role",
      "name": "fluentd",
      "provider": "provider[\"registry.terraform.io/hashicorp/kubernetes\"]",
      "instances": [
        {
          "schema_version": 0,
          "attributes": {
            "aggregation_rule": [],
            "id": "fluentd",
            "metadata": [
              {
                "annotations": null,
                "generation": 0,
                "labels": null,
                "name": "fluentd",
                "resource_version": "7693792",
                "uid": "c8f810e9-83a9-4ddc-bb45-6b072e08cbd8"
              }
            ],
            "rule": [
              {
                "api_groups": [
                  "*"
                ],
                "non_resource_urls": null,
                "resource_names": null,
                "resources": [
                  "pods",
                  "namespaces"
                ],
                "verbs": [
                  "get",
                  "list",
                  "watch"
                ]
              }
            ]
          },
          "sensitive_attributes": [],
          "private": "bnVsbA=="
        }
      ]
    },
    {
      "module": "module.test",
      "mode": "managed",
      "type": "kubernetes_cluster_role_binding",
      "name": "fluentd",
      "provider": "provider[\"registry.terraform.io/hashicorp/kubernetes\"]",
      "instances": [
        {
          "schema_version": 0,
          "attributes": {
            "id": "fluentd",
            "metadata": [
              {
                "annotations": null,
                "generation": 0,
                "labels": null,
                "name": "fluentd",
                "resource_version": "7693788",
                "uid": "8ea72a40-d4e8-4f92-b99d-ca3dcf8c0623"
              }
            ],
            "role_ref": [
              {
                "api_group": "rbac.authorization.k8s.io",
                "kind": "ClusterRole",
                "name": "fluentd"
              }
            ],
            "subject": [
              {
                "api_group": "",
                "kind": "ServiceAccount",
                "name": "fluentd",
                "namespace": "default"
              }
            ]
          },
          "sensitive_attributes": [],
          "private": "bnVsbA=="
        }
      ]
    },
    {
      "module": "module.test",
      "mode": "managed",
      "type": "kubernetes_config_map",
      "name": "fluentd",
      "provider": "provider[\"registry.terraform.io/hashicorp/kubernetes\"]",
      "instances": [
        {
          "schema_version": 0,
          "attributes": {
            "binary_data": null,
            "data": {
              "fluent.conf": "\n    #\n    # Drop fluentd logs themselves.\n    #\n    \u003cmatch fluent.**\u003e\n\n        @type null\n\n    \u003c/match\u003e\n\n    \u003csource\u003e\n      type tail\n      path /var/log/containers/*.log\n      pos_file /var/log/fluentd-containers.log.pos\n      time_format %Y-%m-%dT%H:%M:%S.%NZ\n      tag kubernetes.*\n      format json\n      read_from_head true\n    \u003c/source\u003e\n\n\n    \u003cfilter kubernetes.**\u003e\n\n        @type grep\n\n        \u003cregexp\u003e\n\n            key kubernetes.container_name\n            pattern ^maa-ml-esg\n\n        \u003c/regexp\u003e\n\n    \u003c/filter\u003e\n\n    # Query the API for extra metadata.\n    \u003cfilter kubernetes.**\u003e\n      type kubernetes_metadata\n      # If the logs begin with '{' and end with '}' then it's JSON so merge\n      # the JSON log field into the log event\n      merge_json_log true\n      preserve_json_log true\n    \u003c/filter\u003e\n    # rewrite_tag_filter does not support nested fields like\n    # kubernetes.container_name, so this exists to flatten the fields\n    # so we can use them in our rewrite_tag_filter\n\n    \u003cfilter kubernetes.**\u003e\n      @type record_transformer\n      enable_ruby true\n      \u003crecord\u003e\n        kubernetes_namespace_container_name ${record[\"kubernetes\"][\"namespace_name\"]}.${record[\"kubernetes\"][\"container_name\"]}\n      \u003c/record\u003e\n    \u003c/filter\u003e\n    # retag based on the container name of the log message\n    \u003cmatch kubernetes.**\u003e\n      @type rewrite_tag_filter\n      rewriterule1 kubernetes_namespace_container_name  ^(.+)$ kube.$1\n    \u003c/match\u003e\n    # Remove the unnecessary field as the information is already available on\n    # other fields.\n    \u003cfilter kube.**\u003e\n      @type record_transformer\n      remove_keys kubernetes_namespace_container_name\n    \u003c/filter\u003e\n    \u003cfilter kube.kube-system.**\u003e\n      type parser\n      format kubernetes\n      reserve_data true\n      key_name log\n      suppress_parse_error_log true\n      ignore_key_not_exist true\n    \u003c/filter\u003e\n\n"
            },
            "id": "default/fluentd-config",
            "metadata": [
              {
                "annotations": null,
                "generate_name": "",
                "generation": 0,
                "labels": null,
                "name": "fluentd-config",
                "namespace": "default",
                "resource_version": "7693795",
                "uid": "99c674f2-ed9a-42fd-a66a-5692e23afb42"
              }
            ]
          },
          "sensitive_attributes": [],
          "private": "bnVsbA=="
        }
      ]
    },
    {
      "module": "module.test",
      "mode": "managed",
      "type": "kubernetes_daemonset",
      "name": "fluentd",
      "provider": "provider[\"registry.terraform.io/hashicorp/kubernetes\"]",
      "instances": [
        {
          "schema_version": 1,
          "attributes": {
            "id": "default/fluentd",
            "metadata": [
              {
                "annotations": null,
                "generate_name": "",
                "generation": 1,
                "labels": {
                  "app": "fluentd"
                },
                "name": "fluentd",
                "namespace": "default",
                "resource_version": "7693793",
                "uid": "0d3f7a55-e6e4-4db2-b370-89dc82d97a78"
              }
            ],
            "spec": [
              {
                "min_ready_seconds": 0,
                "revision_history_limit": 10,
                "selector": [
                  {
                    "match_expressions": [],
                    "match_labels": {
                      "app": "fluentd"
                    }
                  }
                ],
                "strategy": [
                  {
                    "rolling_update": [
                      {
                        "max_unavailable": "1"
                      }
                    ],
                    "type": "RollingUpdate"
                  }
                ],
                "template": [
                  {
                    "metadata": [
                      {
                        "annotations": null,
                        "generate_name": "",
                        "generation": 0,
                        "labels": {
                          "app": "fluentd"
                        },
                        "name": "",
                        "resource_version": "",
                        "uid": ""
                      }
                    ],
                    "spec": [
                      {
                        "active_deadline_seconds": 0,
                        "affinity": [],
                        "automount_service_account_token": true,
                        "container": [
                          {
                            "args": null,
                            "command": null,
                            "env": [
                              {
                                "name": "FLUENT_ELASTICSEARCH_HOST",
                                "value": "cluster-1-es-http",
                                "value_from": []
                              },
                              {
                                "name": "FLUENT_ELASTICSEARCH_PORT",
                                "value": "9200",
                                "value_from": []
                              },
                              {
                                "name": "FLUENT_ELASTICSEARCH_SCHEME",
                                "value": "http",
                                "value_from": []
                              },
                              {
                                "name": "FLUENT_ELASTICSEARCH_SSL_VERIFY",
                                "value": "false",
                                "value_from": []
                              },
                              {
                                "name": "FLUENT_ELASTICSEARCH_USER",
                                "value": "admin",
                                "value_from": []
                              },
                              {
                                "name": "FLUENT_ELASTICSEARCH_PASSWORD",
                                "value": "Agby5kma0130",
                                "value_from": []
                              },
                              {
                                "name": "FLUENT_UID",
                                "value": "0",
                                "value_from": []
                              },
                              {
                                "name": "FLUENTD_SYSTEMD_CONF",
                                "value": "disable",
                                "value_from": []
                              },
                              {
                                "name": "K8S_NODE_NAME",
                                "value": "",
                                "value_from": [
                                  {
                                    "config_map_key_ref": [],
                                    "field_ref": [
                                      {
                                        "api_version": "v1",
                                        "field_path": "spec.nodeName"
                                      }
                                    ],
                                    "resource_field_ref": [],
                                    "secret_key_ref": []
                                  }
                                ]
                              }
                            ],
                            "env_from": [],
                            "image": "fluent/fluentd-kubernetes-daemonset:v1.14.3-debian-elasticsearch7-1.0",
                            "image_pull_policy": "IfNotPresent",
                            "lifecycle": [],
                            "liveness_probe": [],
                            "name": "fluentd",
                            "port": [],
                            "readiness_probe": [],
                            "resources": [
                              {
                                "limits": {
                                  "cpu": "100m",
                                  "memory": "200Mi"
                                },
                                "requests": {
                                  "cpu": "100m",
                                  "memory": "200Mi"
                                }
                              }
                            ],
                            "security_context": [],
                            "startup_probe": [],
                            "stdin": false,
                            "stdin_once": false,
                            "termination_message_path": "/dev/termination-log",
                            "termination_message_policy": "File",
                            "tty": false,
                            "volume_mount": [
                              {
                                "mount_path": "/var/log",
                                "mount_propagation": "None",
                                "name": "varlog",
                                "read_only": false,
                                "sub_path": ""
                              },
                              {
                                "mount_path": "/var/lib/docker/containers",
                                "mount_propagation": "None",
                                "name": "varlibdockercontainers",
                                "read_only": true,
                                "sub_path": ""
                              },
                              {
                                "mount_path": "/fluentd/etc/custom.conf",
                                "mount_propagation": "None",
                                "name": "fluentd-config",
                                "read_only": false,
                                "sub_path": "custom.conf"
                              }
                            ],
                            "working_dir": ""
                          }
                        ],
                        "dns_config": [],
                        "dns_policy": "ClusterFirst",
                        "enable_service_links": true,
                        "host_aliases": [],
                        "host_ipc": false,
                        "host_network": false,
                        "host_pid": false,
                        "hostname": "",
                        "image_pull_secrets": [],
                        "init_container": [],
                        "node_name": "",
                        "node_selector": null,
                        "priority_class_name": "",
                        "readiness_gate": [],
                        "restart_policy": "Always",
                        "security_context": [],
                        "service_account_name": "fluentd",
                        "share_process_namespace": false,
                        "subdomain": "",
                        "termination_grace_period_seconds": 30,
                        "toleration": [
                          {
                            "effect": "NoSchedule",
                            "key": "node-role.kubernetes.io/master",
                            "operator": "Equal",
                            "toleration_seconds": "",
                            "value": ""
                          }
                        ],
                        "topology_spread_constraint": [],
                        "volume": [
                          {
                            "aws_elastic_block_store": [],
                            "azure_disk": [],
                            "azure_file": [],
                            "ceph_fs": [],
                            "cinder": [],
                            "config_map": [],
                            "csi": [],
                            "downward_api": [],
                            "empty_dir": [],
                            "fc": [],
                            "flex_volume": [],
                            "flocker": [],
                            "gce_persistent_disk": [],
                            "git_repo": [],
                            "glusterfs": [],
                            "host_path": [
                              {
                                "path": "/var/log",
                                "type": ""
                              }
                            ],
                            "iscsi": [],
                            "local": [],
                            "name": "varlog",
                            "nfs": [],
                            "persistent_volume_claim": [],
                            "photon_persistent_disk": [],
                            "projected": [],
                            "quobyte": [],
                            "rbd": [],
                            "secret": [],
                            "vsphere_volume": []
                          },
                          {
                            "aws_elastic_block_store": [],
                            "azure_disk": [],
                            "azure_file": [],
                            "ceph_fs": [],
                            "cinder": [],
                            "config_map": [],
                            "csi": [],
                            "downward_api": [],
                            "empty_dir": [],
                            "fc": [],
                            "flex_volume": [],
                            "flocker": [],
                            "gce_persistent_disk": [],
                            "git_repo": [],
                            "glusterfs": [],
                            "host_path": [
                              {
                                "path": "/var/lib/docker/containers",
                                "type": ""
                              }
                            ],
                            "iscsi": [],
                            "local": [],
                            "name": "varlibdockercontainers",
                            "nfs": [],
                            "persistent_volume_claim": [],
                            "photon_persistent_disk": [],
                            "projected": [],
                            "quobyte": [],
                            "rbd": [],
                            "secret": [],
                            "vsphere_volume": []
                          },
                          {
                            "aws_elastic_block_store": [],
                            "azure_disk": [],
                            "azure_file": [],
                            "ceph_fs": [],
                            "cinder": [],
                            "config_map": [
                              {
                                "default_mode": "0644",
                                "items": [],
                                "name": "fluentd-config",
                                "optional": false
                              }
                            ],
                            "csi": [],
                            "downward_api": [],
                            "empty_dir": [],
                            "fc": [],
                            "flex_volume": [],
                            "flocker": [],
                            "gce_persistent_disk": [],
                            "git_repo": [],
                            "glusterfs": [],
                            "host_path": [],
                            "iscsi": [],
                            "local": [],
                            "name": "fluentd-config",
                            "nfs": [],
                            "persistent_volume_claim": [],
                            "photon_persistent_disk": [],
                            "projected": [],
                            "quobyte": [],
                            "rbd": [],
                            "secret": [],
                            "vsphere_volume": []
                          }
                        ]
                      }
                    ]
                  }
                ]
              }
            ],
            "timeouts": null,
            "wait_for_rollout": true
          },
          "sensitive_attributes": [],
          "private": "eyJlMmJmYjczMC1lY2FhLTExZTYtOGY4OC0zNDM2M2JjN2M0YzAiOnsiY3JlYXRlIjo2MDAwMDAwMDAwMDAsImRlbGV0ZSI6NjAwMDAwMDAwMDAwLCJ1cGRhdGUiOjYwMDAwMDAwMDAwMH0sInNjaGVtYV92ZXJzaW9uIjoiMSJ9"
        }
      ]
    },
    {
      "module": "module.test",
      "mode": "managed",
      "type": "kubernetes_service_account",
      "name": "fluentd",
      "provider": "provider[\"registry.terraform.io/hashicorp/kubernetes\"]",
      "instances": [
        {
          "schema_version": 0,
          "attributes": {
            "automount_service_account_token": true,
            "default_secret_name": "fluentd-token-l6hn2",
            "id": "default/fluentd",
            "image_pull_secret": [],
            "metadata": [
              {
                "annotations": null,
                "generate_name": "",
                "generation": 0,
                "labels": null,
                "name": "fluentd",
                "namespace": "default",
                "resource_version": "7693791",
                "uid": "880912ec-a594-4fe8-8d13-842634dba484"
              }
            ],
            "secret": [],
            "timeouts": null
          },
          "sensitive_attributes": [],
          "private": "eyJlMmJmYjczMC1lY2FhLTExZTYtOGY4OC0zNDM2M2JjN2M0YzAiOnsiY3JlYXRlIjozMDAwMDAwMDAwMH19"
        }
      ]
    }
  ]
}
